Microsoft Visual Studio Solution File, Format Version 12.00
# Visual Studio 15
VisualStudioVersion = 15.0.28307.1321
MinimumVisualStudioVersion = 10.0.40219.1
Project("{FAE04EC0-301F-11D3-BF4B-00C04F79EFBC}") = "TrelloApp.Android", "TrelloApp\TrelloApp.Android\TrelloApp.Android.csproj", "{0EF64264-55CB-4E70-8708-A744B39051B8}"
EndProject
Project("{FAE04EC0-301F-11D3-BF4B-00C04F79EFBC}") = "TrelloApp.iOS", "TrelloApp\TrelloApp.iOS\TrelloApp.iOS.csproj", "{DE471D81-6F3E-4EC2-B92B-EF044233AEED}"
EndProject
Project("{FAE04EC0-301F-11D3-BF4B-00C04F79EFBC}") = "TrelloApp.UWP", "TrelloApp\TrelloApp.UWP\TrelloApp.UWP.csproj", "{005A1A0E-A4A4-44A5-9236-BC0908FD73A1}"
EndProject
Project("{FAE04EC0-301F-11D3-BF4B-00C04F79EFBC}") = "TrelloApp", "TrelloApp\TrelloApp\TrelloApp.csproj", "{2516EB56-B26B-45DB-A38D-14A2CD5514B7}"
EndProject
Global
	GlobalSection(SolutionConfigurationPlatforms) = preSolution
		Ad-Hoc|Any CPU = Ad-Hoc|Any CPU
		Ad-Hoc|ARM = Ad-Hoc|ARM
		Ad-Hoc|iPhone = Ad-Hoc|iPhone
		Ad-Hoc|iPhoneSimulator = Ad-Hoc|iPhoneSimulator
		Ad-Hoc|x64 = Ad-Hoc|x64
		Ad-Hoc|x86 = Ad-Hoc|x86
		AppStore|Any CPU = AppStore|Any CPU
		AppStore|ARM = AppStore|ARM
		AppStore|iPhone = AppStore|iPhone
		AppStore|iPhoneSimulator = AppStore|iPhoneSimulator
		AppStore|x64 = AppStore|x64
		AppStore|x86 = AppStore|x86
		Debug|Any CPU = Debug|Any CPU
		Debug|ARM = Debug|ARM
		Debug|iPhone = Debug|iPhone
		Debug|iPhoneSimulator = Debug|iPhoneSimulator
		Debug|x64 = Debug|x64
		Debug|x86 = Debug|x86
		Release|Any CPU = Release|Any CPU
		Release|ARM = Release|ARM
		Release|iPhone = Release|iPhone
		Release|iPhoneSimulator = Release|iPhoneSimulator
		Release|x64 = Release|x64
		Release|x86 = Release|x86
	EndGlobalSection
	GlobalSection(ProjectConfigurationPlatforms) = postSolution
		{0EF64264-55CB-4E70-8708-A744B39051B8}.Ad-Hoc|Any CPU.ActiveCfg = Release|Any CPU
		{0EF64264-55CB-4E70-8708-A744B39051B8}.Ad-Hoc|Any CPU.Build.0 = Release|Any CPU
		{0EF64264-55CB-4E70-8708-A744B39051B8}.Ad-Hoc|Any CPU.Deploy.0 = Release|Any CPU
		{0EF64264-55CB-4E70-8708-A744B39051B8}.Ad-Hoc|ARM.ActiveCfg = Release|Any CPU
		{0EF64264-55CB-4E70-8708-A744B39051B8}.Ad-Hoc|ARM.Build.0 = Release|Any CPU
		{0EF64264-55CB-4E70-8708-A744B39051B8}.Ad-Hoc|ARM.Deploy.0 = Release|Any CPU
		{0EF64264-55CB-4E70-8708-A744B39051B8}.Ad-Hoc|iPhone.ActiveCfg = Release|Any CPU
		{0EF64264-55CB-4E70-8708-A744B39051B8}.Ad-Hoc|iPhone.Build.0 = Release|Any CPU
		{0EF64264-55CB-4E70-8708-A744B39051B8}.Ad-Hoc|iPhone.Deploy.0 = Release|Any CPU
		{0EF64264-55CB-4E70-8708-A744B39051B8}.Ad-Hoc|iPhoneSimulator.ActiveCfg = Release|Any CPU
		{0EF64264-55CB-4E70-8708-A744B39051B8}.Ad-Hoc|iPhoneSimulator.Build.0 = Release|Any CPU
		{0EF64264-55CB-4E70-8708-A744B39051B8}.Ad-Hoc|iPhoneSimulator.Deploy.0 = Release|Any CPU
		{0EF64264-55CB-4E70-8708-A744B39051B8}.Ad-Hoc|x64.ActiveCfg = Release|Any CPU
		{0EF64264-55CB-4E70-8708-A744B39051B8}.Ad-Hoc|x64.Build.0 = Release|Any CPU
		{0EF64264-55CB-4E70-8708-A744B39051B8}.Ad-Hoc|x64.Deploy.0 = Release|Any CPU
		{0EF64264-55CB-4E70-8708-A744B39051B8}.Ad-Hoc|x86.ActiveCfg = Release|Any CPU
		{0EF64264-55CB-4E70-8708-A744B39051B8}.Ad-Hoc|x86.Build.0 = Release|Any CPU
		{0EF64264-55CB-4E70-8708-A744B39051B8}.Ad-Hoc|x86.Deploy.0 = Release|Any CPU
		{0EF64264-55CB-4E70-8708-A744B39051B8}.AppStore|Any CPU.ActiveCfg = Release|Any CPU
		{0EF64264-55CB-4E70-8708-A744B39051B8}.AppStore|Any CPU.Build.0 = Release|Any CPU
		{0EF64264-55CB-4E70-8708-A744B39051B8}.AppStore|Any CPU.Deploy.0 = Release|Any CPU
		{0EF64264-55CB-4E70-8708-A744B39051B8}.AppStore|ARM.ActiveCfg = Release|Any CPU
		{0EF64264-55CB-4E70-8708-A744B39051B8}.AppStore|ARM.Build.0 = Release|Any CPU
		{0EF64264-55CB-4E70-8708-A744B39051B8}.AppStore|ARM.Deploy.0 = Release|Any CPU
		{0EF64264-55CB-4E70-8708-A744B39051B8}.AppStore|iPhone.ActiveCfg = Release|Any CPU
		{0EF64264-55CB-4E70-8708-A744B39051B8}.AppStore|iPhone.Build.0 = Release|Any CPU
		{0EF64264-55CB-4E70-8708-A744B39051B8}.AppStore|iPhone.Deploy.0 = Release|Any CPU
		{0EF64264-55CB-4E70-8708-A744B39051B8}.AppStore|iPhoneSimulator.ActiveCfg = Release|Any CPU
		{0EF64264-55CB-4E70-8708-A744B39051B8}.AppStore|iPhoneSimulator.Build.0 = Release|Any CPU
		{0EF64264-55CB-4E70-8708-A744B39051B8}.AppStore|iPhoneSimulator.Deploy.0 = Release|Any CPU
		{0EF64264-55CB-4E70-8708-A744B39051B8}.AppStore|x64.ActiveCfg = Release|Any CPU
		{0EF64264-55CB-4E70-8708-A744B39051B8}.AppStore|x64.Build.0 = Release|Any CPU
		{0EF64264-55CB-4E70-8708-A744B39051B8}.AppStore|x64.Deploy.0 = Release|Any CPU
		{0EF64264-55CB-4E70-8708-A744B39051B8}.AppStore|x86.ActiveCfg = Release|Any CPU
		{0EF64264-55CB-4E70-8708-A744B39051B8}.AppStore|x86.Build.0 = Release|Any CPU
		{0EF64264-55CB-4E70-8708-A744B39051B8}.AppStore|x86.Deploy.0 = Release|Any CPU
		{0EF64264-55CB-4E70-8708-A744B39051B8}.Debug|Any CPU.ActiveCfg = Debug|Any CPU
		{0EF64264-55CB-4E70-8708-A744B39051B8}.Debug|Any CPU.Build.0 = Debug|Any CPU
		{0EF64264-55CB-4E70-8708-A744B39051B8}.Debug|Any CPU.Deploy.0 = Debug|Any CPU
		{0EF64264-55CB-4E70-8708-A744B39051B8}.Debug|ARM.ActiveCfg = Debug|Any CPU
		{0EF64264-55CB-4E70-8708-A744B39051B8}.Debug|ARM.Build.0 = Debug|Any CPU
		{0EF64264-55CB-4E70-8708-A744B39051B8}.Debug|ARM.Deploy.0 = Debug|Any CPU
		{0EF64264-55CB-4E70-8708-A744B39051B8}.Debug|iPhone.ActiveCfg = Debug|Any CPU
		{0EF64264-55CB-4E70-8708-A744B39051B8}.Debug|iPhone.Build.0 = Debug|Any CPU
		{0EF64264-55CB-4E70-8708-A744B39051B8}.Debug|iPhone.Deploy.0 = Debug|Any CPU
		{0EF64264-55CB-4E70-8708-A744B39051B8}.Debug|iPhoneSimulator.ActiveCfg = Debug|Any CPU
		{0EF64264-55CB-4E70-8708-A744B39051B8}.Debug|iPhoneSimulator.Build.0 = Debug|Any CPU
		{0EF64264-55CB-4E70-8708-A744B39051B8}.Debug|iPhoneSimulator.Deploy.0 = Debug|Any CPU
		{0EF64264-55CB-4E70-8708-A744B39051B8}.Debug|x64.ActiveCfg = Debug|Any CPU
		{0EF64264-55CB-4E70-8708-A744B39051B8}.Debug|x64.Build.0 = Debug|Any CPU
		{0EF64264-55CB-4E70-8708-A744B39051B8}.Debug|x64.Deploy.0 = Debug|Any CPU
		{0EF64264-55CB-4E70-8708-A744B39051B8}.Debug|x86.ActiveCfg = Debug|Any CPU
		{0EF64264-55CB-4E70-8708-A744B39051B8}.Debug|x86.Build.0 = Debug|Any CPU
		{0EF64264-55CB-4E70-8708-A744B39051B8}.Debug|x86.Deploy.0 = Debug|Any CPU
		{0EF64264-55CB-4E70-8708-A744B39051B8}.Release|Any CPU.ActiveCfg = Release|Any CPU
		{0EF64264-55CB-4E70-8708-A744B39051B8}.Release|Any CPU.Build.0 = Release|Any CPU
		{0EF64264-55CB-4E70-8708-A744B39051B8}.Release|Any CPU.Deploy.0 = Release|Any CPU
		{0EF64264-55CB-4E70-8708-A744B39051B8}.Release|ARM.ActiveCfg = Release|Any CPU
		{0EF64264-55CB-4E70-8708-A744B39051B8}.Release|ARM.Build.0 = Release|Any CPU
		{0EF64264-55CB-4E70-8708-A744B39051B8}.Release|ARM.Deploy.0 = Release|Any CPU
		{0EF64264-55CB-4E70-8708-A744B39051B8}.Release|iPhone.ActiveCfg = Release|Any CPU
		{0EF64264-55CB-4E70-8708-A744B39051B8}.Release|iPhone.Build.0 = Release|Any CPU
		{0EF64264-55CB-4E70-8708-A744B39051B8}.Release|iPhone.Deploy.0 = Release|Any CPU
		{0EF64264-55CB-4E70-8708-A744B39051B8}.Release|iPhoneSimulator.ActiveCfg = Release|Any CPU
		{0EF64264-55CB-4E70-8708-A744B39051B8}.Release|iPhoneSimulator.Build.0 = Release|Any CPU
		{0EF64264-55CB-4E70-8708-A744B39051B8}.Release|iPhoneSimulator.Deploy.0 = Release|Any CPU
		{0EF64264-55CB-4E70-8708-A744B39051B8}.Release|x64.ActiveCfg = Release|Any CPU
		{0EF64264-55CB-4E70-8708-A744B39051B8}.Release|x64.Build.0 = Release|Any CPU
		{0EF64264-55CB-4E70-8708-A744B39051B8}.Release|x64.Deploy.0 = Release|Any CPU
		{0EF64264-55CB-4E70-8708-A744B39051B8}.Release|x86.ActiveCfg = Release|Any CPU
		{0EF64264-55CB-4E70-8708-A744B39051B8}.Release|x86.Build.0 = Release|Any CPU
		{0EF64264-55CB-4E70-8708-A744B39051B8}.Release|x86.Deploy.0 = Release|Any CPU
		{DE471D81-6F3E-4EC2-B92B-EF044233AEED}.Ad-Hoc|Any CPU.ActiveCfg = Ad-Hoc|iPhone
		{DE471D81-6F3E-4EC2-B92B-EF044233AEED}.Ad-Hoc|Any CPU.Build.0 = Ad-Hoc|iPhone
		{DE471D81-6F3E-4EC2-B92B-EF044233AEED}.Ad-Hoc|Any CPU.Deploy.0 = Ad-Hoc|iPhone
		{DE471D81-6F3E-4EC2-B92B-EF044233AEED}.Ad-Hoc|ARM.ActiveCfg = Ad-Hoc|iPhone
		{DE471D81-6F3E-4EC2-B92B-EF044233AEED}.Ad-Hoc|ARM.Build.0 = Ad-Hoc|iPhone
		{DE471D81-6F3E-4EC2-B92B-EF044233AEED}.Ad-Hoc|ARM.Deploy.0 = Ad-Hoc|iPhone
		{DE471D81-6F3E-4EC2-B92B-EF044233AEED}.Ad-Hoc|iPhone.ActiveCfg = Ad-Hoc|iPhone
		{DE471D81-6F3E-4EC2-B92B-EF044233AEED}.Ad-Hoc|iPhone.Build.0 = Ad-Hoc|iPhone
		{DE471D81-6F3E-4EC2-B92B-EF044233AEED}.Ad-Hoc|iPhone.Deploy.0 = Ad-Hoc|iPhone
		{DE471D81-6F3E-4EC2-B92B-EF044233AEED}.Ad-Hoc|iPhoneSimulator.ActiveCfg = Ad-Hoc|iPhoneSimulator
		{DE471D81-6F3E-4EC2-B92B-EF044233AEED}.Ad-Hoc|iPhoneSimulator.Build.0 = Ad-Hoc|iPhoneSimulator
		{DE471D81-6F3E-4EC2-B92B-EF044233AEED}.Ad-Hoc|iPhoneSimulator.Deploy.0 = Ad-Hoc|iPhoneSimulator
		{DE471D81-6F3E-4EC2-B92B-EF044233AEED}.Ad-Hoc|x64.ActiveCfg = Ad-Hoc|iPhone
		{DE471D81-6F3E-4EC2-B92B-EF044233AEED}.Ad-Hoc|x64.Build.0 = Ad-Hoc|iPhone
		{DE471D81-6F3E-4EC2-B92B-EF044233AEED}.Ad-Hoc|x64.Deploy.0 = Ad-Hoc|iPhone
		{DE471D81-6F3E-4EC2-B92B-EF044233AEED}.Ad-Hoc|x86.ActiveCfg = Ad-Hoc|iPhone
		{DE471D81-6F3E-4EC2-B92B-EF044233AEED}.Ad-Hoc|x86.Build.0 = Ad-Hoc|iPhone
		{DE471D81-6F3E-4EC2-B92B-EF044233AEED}.Ad-Hoc|x86.Deploy.0 = Ad-Hoc|iPhone
		{DE471D81-6F3E-4EC2-B92B-EF044233AEED}.AppStore|Any CPU.ActiveCfg = AppStore|iPhone
		{DE471D81-6F3E-4EC2-B92B-EF044233AEED}.AppStore|Any CPU.Build.0 = AppStore|iPhone
		{DE471D81-6F3E-4EC2-B92B-EF044233AEED}.AppStore|Any CPU.Deploy.0 = AppStore|iPhone
		{DE471D81-6F3E-4EC2-B92B-EF044233AEED}.AppStore|ARM.ActiveCfg = AppStore|iPhone
		{DE471D81-6F3E-4EC2-B92B-EF044233AEED}.AppStore|ARM.Build.0 = AppStore|iPhone
		{DE471D81-6F3E-4EC2-B92B-EF044233AEED}.AppStore|ARM.Deploy.0 = AppStore|iPhone
		{DE471D81-6F3E-4EC2-B92B-EF044233AEED}.AppStore|iPhone.ActiveCfg = AppStore|iPhone
		{DE471D81-6F3E-4EC2-B92B-EF044233AEED}.AppStore|iPhone.Build.0 = AppStore|iPhone
		{DE471D81-6F3E-4EC2-B92B-EF044233AEED}.AppStore|iPhone.Deploy.0 = AppStore|iPhone
		{DE471D81-6F3E-4EC2-B92B-EF044233AEED}.AppStore|iPhoneSimulator.ActiveCfg = AppStore|iPhoneSimulator
		{DE471D81-6F3E-4EC2-B92B-EF044233AEED}.AppStore|iPhoneSimulator.Build.0 = AppStore|iPhoneSimulator
		{DE471D81-6F3E-4EC2-B92B-EF044233AEED}.AppStore|iPhoneSimulator.Deploy.0 = AppStore|iPhoneSimulator
		{DE471D81-6F3E-4EC2-B92B-EF044233AEED}.AppStore|x64.ActiveCfg = AppStore|iPhone
		{DE471D81-6F3E-4EC2-B92B-EF044233AEED}.AppStore|x64.Build.0 = AppStore|iPhone
		{DE471D81-6F3E-4EC2-B92B-EF044233AEED}.AppStore|x64.Deploy.0 = AppStore|iPhone
		{DE471D81-6F3E-4EC2-B92B-EF044233AEED}.AppStore|x86.ActiveCfg = AppStore|iPhone
		{DE471D81-6F3E-4EC2-B92B-EF044233AEED}.AppStore|x86.Build.0 = AppStore|iPhone
		{DE471D81-6F3E-4EC2-B92B-EF044233AEED}.AppStore|x86.Deploy.0 = AppStore|iPhone
		{DE471D81-6F3E-4EC2-B92B-EF044233AEED}.Debug|Any CPU.ActiveCfg = Debug|iPhoneSimulator
		{DE471D81-6F3E-4EC2-B92B-EF044233AEED}.Debug|Any CPU.Build.0 = Debug|iPhoneSimulator
		{DE471D81-6F3E-4EC2-B92B-EF044233AEED}.Debug|Any CPU.Deploy.0 = Debug|iPhoneSimulator
		{DE471D81-6F3E-4EC2-B92B-EF044233AEED}.Debug|ARM.ActiveCfg = Debug|iPhone
		{DE471D81-6F3E-4EC2-B92B-EF044233AEED}.Debug|ARM.Build.0 = Debug|iPhone
		{DE471D81-6F3E-4EC2-B92B-EF044233AEED}.Debug|ARM.Deploy.0 = Debug|iPhone
		{DE471D81-6F3E-4EC2-B92B-EF044233AEED}.Debug|iPhone.ActiveCfg = Debug|iPhone
		{DE471D81-6F3E-4EC2-B92B-EF044233AEED}.Debug|iPhone.Build.0 = Debug|iPhone
		{DE471D81-6F3E-4EC2-B92B-EF044233AEED}.Debug|iPhone.Deploy.0 = Debug|iPhone
		{DE471D81-6F3E-4EC2-B92B-EF044233AEED}.Debug|iPhoneSimulator.ActiveCfg = Debug|iPhoneSimulator
		{DE471D81-6F3E-4EC2-B92B-EF044233AEED}.Debug|iPhoneSimulator.Build.0 = Debug|iPhoneSimulator
		{DE471D81-6F3E-4EC2-B92B-EF044233AEED}.Debug|iPhoneSimulator.Deploy.0 = Debug|iPhoneSimulator
		{DE471D81-6F3E-4EC2-B92B-EF044233AEED}.Debug|x64.ActiveCfg = Debug|iPhone
		{DE471D81-6F3E-4EC2-B92B-EF044233AEED}.Debug|x64.Build.0 = Debug|iPhone
		{DE471D81-6F3E-4EC2-B92B-EF044233AEED}.Debug|x64.Deploy.0 = Debug|iPhone
		{DE471D81-6F3E-4EC2-B92B-EF044233AEED}.Debug|x86.ActiveCfg = Debug|iPhone
		{DE471D81-6F3E-4EC2-B92B-EF044233AEED}.Debug|x86.Build.0 = Debug|iPhone
		{DE471D81-6F3E-4EC2-B92B-EF044233AEED}.Debug|x86.Deploy.0 = Debug|iPhone
		{DE471D81-6F3E-4EC2-B92B-EF044233AEED}.Release|Any CPU.ActiveCfg = Release|iPhone
		{DE471D81-6F3E-4EC2-B92B-EF044233AEED}.Release|Any CPU.Build.0 = Release|iPhone
		{DE471D81-6F3E-4EC2-B92B-EF044233AEED}.Release|Any CPU.Deploy.0 = Release|iPhone
		{DE471D81-6F3E-4EC2-B92B-EF044233AEED}.Release|ARM.ActiveCfg = Release|iPhone
		{DE471D81-6F3E-4EC2-B92B-EF044233AEED}.Release|ARM.Build.0 = Release|iPhone
		{DE471D81-6F3E-4EC2-B92B-EF044233AEED}.Release|ARM.Deploy.0 = Release|iPhone
		{DE471D81-6F3E-4EC2-B92B-EF044233AEED}.Release|iPhone.ActiveCfg = Release|iPhone
		{DE471D81-6F3E-4EC2-B92B-EF044233AEED}.Release|iPhone.Build.0 = Release|iPhone
		{DE471D81-6F3E-4EC2-B92B-EF044233AEED}.Release|iPhone.Deploy.0 = Release|iPhone
		{DE471D81-6F3E-4EC2-B92B-EF044233AEED}.Release|iPhoneSimulator.ActiveCfg = Release|iPhoneSimulator
		{DE471D81-6F3E-4EC2-B92B-EF044233AEED}.Release|iPhoneSimulator.Build.0 = Release|iPhoneSimulator
		{DE471D81-6F3E-4EC2-B92B-EF044233AEED}.Release|iPhoneSimulator.Deploy.0 = Release|iPhoneSimulator
		{DE471D81-6F3E-4EC2-B92B-EF044233AEED}.Release|x64.ActiveCfg = Release|iPhone
		{DE471D81-6F3E-4EC2-B92B-EF044233AEED}.Release|x64.Build.0 = Release|iPhone
		{DE471D81-6F3E-4EC2-B92B-EF044233AEED}.Release|x64.Deploy.0 = Release|iPhone
		{DE471D81-6F3E-4EC2-B92B-EF044233AEED}.Release|x86.ActiveCfg = Release|iPhone
		{DE471D81-6F3E-4EC2-B92B-EF044233AEED}.Release|x86.Build.0 = Release|iPhone
		{DE471D81-6F3E-4EC2-B92B-EF044233AEED}.Release|x86.Deploy.0 = Release|iPhone
		{005A1A0E-A4A4-44A5-9236-BC0908FD73A1}.Ad-Hoc|Any CPU.ActiveCfg = Release|x86
		{005A1A0E-A4A4-44A5-9236-BC0908FD73A1}.Ad-Hoc|Any CPU.Build.0 = Release|x86
		{005A1A0E-A4A4-44A5-9236-BC0908FD73A1}.Ad-Hoc|Any CPU.Deploy.0 = Release|x86
		{005A1A0E-A4A4-44A5-9236-BC0908FD73A1}.Ad-Hoc|ARM.ActiveCfg = Release|ARM
		{005A1A0E-A4A4-44A5-9236-BC0908FD73A1}.Ad-Hoc|ARM.Build.0 = Release|ARM
		{005A1A0E-A4A4-44A5-9236-BC0908FD73A1}.Ad-Hoc|ARM.Deploy.0 = Release|ARM
		{005A1A0E-A4A4-44A5-9236-BC0908FD73A1}.Ad-Hoc|iPhone.ActiveCfg = Release|x86
		{005A1A0E-A4A4-44A5-9236-BC0908FD73A1}.Ad-Hoc|iPhone.Build.0 = Release|x86
		{005A1A0E-A4A4-44A5-9236-BC0908FD73A1}.Ad-Hoc|iPhone.Deploy.0 = Release|x86
		{005A1A0E-A4A4-44A5-9236-BC0908FD73A1}.Ad-Hoc|iPhoneSimulator.ActiveCfg = Release|x86
		{005A1A0E-A4A4-44A5-9236-BC0908FD73A1}.Ad-Hoc|iPhoneSimulator.Build.0 = Release|x86
		{005A1A0E-A4A4-44A5-9236-BC0908FD73A1}.Ad-Hoc|iPhoneSimulator.Deploy.0 = Release|x86
		{005A1A0E-A4A4-44A5-9236-BC0908FD73A1}.Ad-Hoc|x64.ActiveCfg = Release|x64
		{005A1A0E-A4A4-44A5-9236-BC0908FD73A1}.Ad-Hoc|x64.Build.0 = Release|x64
		{005A1A0E-A4A4-44A5-9236-BC0908FD73A1}.Ad-Hoc|x64.Deploy.0 = Release|x64
		{005A1A0E-A4A4-44A5-9236-BC0908FD73A1}.Ad-Hoc|x86.ActiveCfg = Release|x86
		{005A1A0E-A4A4-44A5-9236-BC0908FD73A1}.Ad-Hoc|x86.Build.0 = Release|x86
		{005A1A0E-A4A4-44A5-9236-BC0908FD73A1}.Ad-Hoc|x86.Deploy.0 = Release|x86
		{005A1A0E-A4A4-44A5-9236-BC0908FD73A1}.AppStore|Any CPU.ActiveCfg = Release|x86
		{005A1A0E-A4A4-44A5-9236-BC0908FD73A1}.AppStore|Any CPU.Build.0 = Release|x86
		{005A1A0E-A4A4-44A5-9236-BC0908FD73A1}.AppStore|Any CPU.Deploy.0 = Release|x86
		{005A1A0E-A4A4-44A5-9236-BC0908FD73A1}.AppStore|ARM.ActiveCfg = Release|ARM
		{005A1A0E-A4A4-44A5-9236-BC0908FD73A1}.AppStore|ARM.Build.0 = Release|ARM
		{005A1A0E-A4A4-44A5-9236-BC0908FD73A1}.AppStore|ARM.Deploy.0 = Release|ARM
		{005A1A0E-A4A4-44A5-9236-BC0908FD73A1}.AppStore|iPhone.ActiveCfg = Release|x86
		{005A1A0E-A4A4-44A5-9236-BC0908FD73A1}.AppStore|iPhone.Build.0 = Release|x86
		{005A1A0E-A4A4-44A5-9236-BC0908FD73A1}.AppStore|iPhone.Deploy.0 = Release|x86
		{005A1A0E-A4A4-44A5-9236-BC0908FD73A1}.AppStore|iPhoneSimulator.ActiveCfg = Release|x86
		{005A1A0E-A4A4-44A5-9236-BC0908FD73A1}.AppStore|iPhoneSimulator.Build.0 = Release|x86
		{005A1A0E-A4A4-44A5-9236-BC0908FD73A1}.AppStore|iPhoneSimulator.Deploy.0 = Release|x86
		{005A1A0E-A4A4-44A5-9236-BC0908FD73A1}.AppStore|x64.ActiveCfg = Release|x64
		{005A1A0E-A4A4-44A5-9236-BC0908FD73A1}.AppStore|x64.Build.0 = Release|x64
		{005A1A0E-A4A4-44A5-9236-BC0908FD73A1}.AppStore|x64.Deploy.0 = Release|x64
		{005A1A0E-A4A4-44A5-9236-BC0908FD73A1}.AppStore|x86.ActiveCfg = Release|x86
		{005A1A0E-A4A4-44A5-9236-BC0908FD73A1}.AppStore|x86.Build.0 = Release|x86
		{005A1A0E-A4A4-44A5-9236-BC0908FD73A1}.AppStore|x86.Deploy.0 = Release|x86
		{005A1A0E-A4A4-44A5-9236-BC0908FD73A1}.Debug|Any CPU.ActiveCfg = Debug|x86
		{005A1A0E-A4A4-44A5-9236-BC0908FD73A1}.Debug|Any CPU.Build.0 = Debug|x86
		{005A1A0E-A4A4-44A5-9236-BC0908FD73A1}.Debug|Any CPU.Deploy.0 = Debug|x86
		{005A1A0E-A4A4-44A5-9236-BC0908FD73A1}.Debug|ARM.ActiveCfg = Debug|ARM
		{005A1A0E-A4A4-44A5-9236-BC0908FD73A1}.Debug|ARM.Build.0 = Debug|ARM
		{005A1A0E-A4A4-44A5-9236-BC0908FD73A1}.Debug|ARM.Deploy.0 = Debug|ARM
		{005A1A0E-A4A4-44A5-9236-BC0908FD73A1}.Debug|iPhone.ActiveCfg = Debug|x86
		{005A1A0E-A4A4-44A5-9236-BC0908FD73A1}.Debug|iPhone.Build.0 = Debug|x86
		{005A1A0E-A4A4-44A5-9236-BC0908FD73A1}.Debug|iPhone.Deploy.0 = Debug|x86
		{005A1A0E-A4A4-44A5-9236-BC0908FD73A1}.Debug|iPhoneSimulator.ActiveCfg = Debug|x86
		{005A1A0E-A4A4-44A5-9236-BC0908FD73A1}.Debug|iPhoneSimulator.Build.0 = Debug|x86
		{005A1A0E-A4A4-44A5-9236-BC0908FD73A1}.Debug|iPhoneSimulator.Deploy.0 = Debug|x86
		{005A1A0E-A4A4-44A5-9236-BC0908FD73A1}.Debug|x64.ActiveCfg = Debug|x64
		{005A1A0E-A4A4-44A5-9236-BC0908FD73A1}.Debug|x64.Build.0 = Debug|x64
		{005A1A0E-A4A4-44A5-9236-BC0908FD73A1}.Debug|x64.Deploy.0 = Debug|x64
		{005A1A0E-A4A4-44A5-9236-BC0908FD73A1}.Debug|x86.ActiveCfg = Debug|x86
		{005A1A0E-A4A4-44A5-9236-BC0908FD73A1}.Debug|x86.Build.0 = Debug|x86
		{005A1A0E-A4A4-44A5-9236-BC0908FD73A1}.Debug|x86.Deploy.0 = Debug|x86
		{005A1A0E-A4A4-44A5-9236-BC0908FD73A1}.Release|Any CPU.ActiveCfg = Release|x86
		{005A1A0E-A4A4-44A5-9236-BC0908FD73A1}.Release|Any CPU.Build.0 = Release|x86
		{005A1A0E-A4A4-44A5-9236-BC0908FD73A1}.Release|Any CPU.Deploy.0 = Release|x86
		{005A1A0E-A4A4-44A5-9236-BC0908FD73A1}.Release|ARM.ActiveCfg = Release|ARM
		{005A1A0E-A4A4-44A5-9236-BC0908FD73A1}.Release|ARM.Build.0 = Release|ARM
		{005A1A0E-A4A4-44A5-9236-BC0908FD73A1}.Release|ARM.Deploy.0 = Release|ARM
		{005A1A0E-A4A4-44A5-9236-BC0908FD73A1}.Release|iPhone.ActiveCfg = Release|x86
		{005A1A0E-A4A4-44A5-9236-BC0908FD73A1}.Release|iPhone.Build.0 = Release|x86
		{005A1A0E-A4A4-44A5-9236-BC0908FD73A1}.Release|iPhone.Deploy.0 = Release|x86
		{005A1A0E-A4A4-44A5-9236-BC0908FD73A1}.Release|iPhoneSimulator.ActiveCfg = Release|x86
		{005A1A0E-A4A4-44A5-9236-BC0908FD73A1}.Release|iPhoneSimulator.Build.0 = Release|x86
		{005A1A0E-A4A4-44A5-9236-BC0908FD73A1}.Release|iPhoneSimulator.Deploy.0 = Release|x86
		{005A1A0E-A4A4-44A5-9236-BC0908FD73A1}.Release|x64.ActiveCfg = Release|x64
		{005A1A0E-A4A4-44A5-9236-BC0908FD73A1}.Release|x64.Build.0 = Release|x64
		{005A1A0E-A4A4-44A5-9236-BC0908FD73A1}.Release|x64.Deploy.0 = Release|x64
		{005A1A0E-A4A4-44A5-9236-BC0908FD73A1}.Release|x86.ActiveCfg = Release|x86
		{005A1A0E-A4A4-44A5-9236-BC0908FD73A1}.Release|x86.Build.0 = Release|x86
		{005A1A0E-A4A4-44A5-9236-BC0908FD73A1}.Release|x86.Deploy.0 = Release|x86
		{2516EB56-B26B-45DB-A38D-14A2CD5514B7}.Ad-Hoc|Any CPU.ActiveCfg = Debug|Any CPU
		{2516EB56-B26B-45DB-A38D-14A2CD5514B7}.Ad-Hoc|Any CPU.Build.0 = Debug|Any CPU
		{2516EB56-B26B-45DB-A38D-14A2CD5514B7}.Ad-Hoc|Any CPU.Deploy.0 = Debug|Any CPU
		{2516EB56-B26B-45DB-A38D-14A2CD5514B7}.Ad-Hoc|ARM.ActiveCfg = Debug|Any CPU
		{2516EB56-B26B-45DB-A38D-14A2CD5514B7}.Ad-Hoc|ARM.Build.0 = Debug|Any CPU
		{2516EB56-B26B-45DB-A38D-14A2CD5514B7}.Ad-Hoc|ARM.Deploy.0 = Debug|Any CPU
		{2516EB56-B26B-45DB-A38D-14A2CD5514B7}.Ad-Hoc|iPhone.ActiveCfg = Debug|Any CPU
		{2516EB56-B26B-45DB-A38D-14A2CD5514B7}.Ad-Hoc|iPhone.Build.0 = Debug|Any CPU
		{2516EB56-B26B-45DB-A38D-14A2CD5514B7}.Ad-Hoc|iPhone.Deploy.0 = Debug|Any CPU
		{2516EB56-B26B-45DB-A38D-14A2CD5514B7}.Ad-Hoc|iPhoneSimulator.ActiveCfg = Debug|Any CPU
		{2516EB56-B26B-45DB-A38D-14A2CD5514B7}.Ad-Hoc|iPhoneSimulator.Build.0 = Debug|Any CPU
		{2516EB56-B26B-45DB-A38D-14A2CD5514B7}.Ad-Hoc|iPhoneSimulator.Deploy.0 = Debug|Any CPU
		{2516EB56-B26B-45DB-A38D-14A2CD5514B7}.Ad-Hoc|x64.ActiveCfg = Debug|Any CPU
		{2516EB56-B26B-45DB-A38D-14A2CD5514B7}.Ad-Hoc|x64.Build.0 = Debug|Any CPU
		{2516EB56-B26B-45DB-A38D-14A2CD5514B7}.Ad-Hoc|x64.Deploy.0 = Debug|Any CPU
		{2516EB56-B26B-45DB-A38D-14A2CD5514B7}.Ad-Hoc|x86.ActiveCfg = Debug|Any CPU
		{2516EB56-B26B-45DB-A38D-14A2CD5514B7}.Ad-Hoc|x86.Build.0 = Debug|Any CPU
		{2516EB56-B26B-45DB-A38D-14A2CD5514B7}.Ad-Hoc|x86.Deploy.0 = Debug|Any CPU
		{2516EB56-B26B-45DB-A38D-14A2CD5514B7}.AppStore|Any CPU.ActiveCfg = Debug|Any CPU
		{2516EB56-B26B-45DB-A38D-14A2CD5514B7}.AppStore|Any CPU.Build.0 = Debug|Any CPU
		{2516EB56-B26B-45DB-A38D-14A2CD5514B7}.AppStore|Any CPU.Deploy.0 = Debug|Any CPU
		{2516EB56-B26B-45DB-A38D-14A2CD5514B7}.AppStore|ARM.ActiveCfg = Debug|Any CPU
		{2516EB56-B26B-45DB-A38D-14A2CD5514B7}.AppStore|ARM.Build.0 = Debug|Any CPU
		{2516EB56-B26B-45DB-A38D-14A2CD5514B7}.AppStore|ARM.Deploy.0 = Debug|Any CPU
		{2516EB56-B26B-45DB-A38D-14A2CD5514B7}.AppStore|iPhone.ActiveCfg = Debug|Any CPU
		{2516EB56-B26B-45DB-A38D-14A2CD5514B7}.AppStore|iPhone.Build.0 = Debug|Any CPU
		{2516EB56-B26B-45DB-A38D-14A2CD5514B7}.AppStore|iPhone.Deploy.0 = Debug|Any CPU
		{2516EB56-B26B-45DB-A38D-14A2CD5514B7}.AppStore|iPhoneSimulator.ActiveCfg = Debug|Any CPU
		{2516EB56-B26B-45DB-A38D-14A2CD5514B7}.AppStore|iPhoneSimulator.Build.0 = Debug|Any CPU
		{2516EB56-B26B-45DB-A38D-14A2CD5514B7}.AppStore|iPhoneSimulator.Deploy.0 = Debug|Any CPU
		{2516EB56-B26B-45DB-A38D-14A2CD5514B7}.AppStore|x64.ActiveCfg = Debug|Any CPU
		{2516EB56-B26B-45DB-A38D-14A2CD5514B7}.AppStore|x64.Build.0 = Debug|Any CPU
		{2516EB56-B26B-45DB-A38D-14A2CD5514B7}.AppStore|x64.Deploy.0 = Debug|Any CPU
		{2516EB56-B26B-45DB-A38D-14A2CD5514B7}.AppStore|x86.ActiveCfg = Debug|Any CPU
		{2516EB56-B26B-45DB-A38D-14A2CD5514B7}.AppStore|x86.Build.0 = Debug|Any CPU
		{2516EB56-B26B-45DB-A38D-14A2CD5514B7}.AppStore|x86.Deploy.0 = Debug|Any CPU
		{2516EB56-B26B-45DB-A38D-14A2CD5514B7}.Debug|Any CPU.ActiveCfg = Debug|Any CPU
		{2516EB56-B26B-45DB-A38D-14A2CD5514B7}.Debug|Any CPU.Build.0 = Debug|Any CPU
		{2516EB56-B26B-45DB-A38D-14A2CD5514B7}.Debug|Any CPU.Deploy.0 = Debug|Any CPU
		{2516EB56-B26B-45DB-A38D-14A2CD5514B7}.Debug|ARM.ActiveCfg = Debug|Any CPU
		{2516EB56-B26B-45DB-A38D-14A2CD5514B7}.Debug|ARM.Build.0 = Debug|Any CPU
		{2516EB56-B26B-45DB-A38D-14A2CD5514B7}.Debug|ARM.Deploy.0 = Debug|Any CPU
		{2516EB56-B26B-45DB-A38D-14A2CD5514B7}.Debug|iPhone.ActiveCfg = Debug|Any CPU
		{2516EB56-B26B-45DB-A38D-14A2CD5514B7}.Debug|iPhone.Build.0 = Debug|Any CPU
		{2516EB56-B26B-45DB-A38D-14A2CD5514B7}.Debug|iPhone.Deploy.0 = Debug|Any CPU
		{2516EB56-B26B-45DB-A38D-14A2CD5514B7}.Debug|iPhoneSimulator.ActiveCfg = Debug|Any CPU
		{2516EB56-B26B-45DB-A38D-14A2CD5514B7}.Debug|iPhoneSimulator.Build.0 = Debug|Any CPU
		{2516EB56-B26B-45DB-A38D-14A2CD5514B7}.Debug|iPhoneSimulator.Deploy.0 = Debug|Any CPU
		{2516EB56-B26B-45DB-A38D-14A2CD5514B7}.Debug|x64.ActiveCfg = Debug|Any CPU
		{2516EB56-B26B-45DB-A38D-14A2CD5514B7}.Debug|x64.Build.0 = Debug|Any CPU
		{2516EB56-B26B-45DB-A38D-14A2CD5514B7}.Debug|x64.Deploy.0 = Debug|Any CPU
		{2516EB56-B26B-45DB-A38D-14A2CD5514B7}.Debug|x86.ActiveCfg = Debug|Any CPU
		{2516EB56-B26B-45DB-A38D-14A2CD5514B7}.Debug|x86.Build.0 = Debug|Any CPU
		{2516EB56-B26B-45DB-A38D-14A2CD5514B7}.Debug|x86.Deploy.0 = Debug|Any CPU
		{2516EB56-B26B-45DB-A38D-14A2CD5514B7}.Release|Any CPU.ActiveCfg = Release|Any CPU
		{2516EB56-B26B-45DB-A38D-14A2CD5514B7}.Release|Any CPU.Build.0 = Release|Any CPU
		{2516EB56-B26B-45DB-A38D-14A2CD5514B7}.Release|Any CPU.Deploy.0 = Release|Any CPU
		{2516EB56-B26B-45DB-A38D-14A2CD5514B7}.Release|ARM.ActiveCfg = Release|Any CPU
		{2516EB56-B26B-45DB-A38D-14A2CD5514B7}.Release|ARM.Build.0 = Release|Any CPU
		{2516EB56-B26B-45DB-A38D-14A2CD5514B7}.Release|ARM.Deploy.0 = Release|Any CPU
		{2516EB56-B26B-45DB-A38D-14A2CD5514B7}.Release|iPhone.ActiveCfg = Release|Any CPU
		{2516EB56-B26B-45DB-A38D-14A2CD5514B7}.Release|iPhone.Build.0 = Release|Any CPU
		{2516EB56-B26B-45DB-A38D-14A2CD5514B7}.Release|iPhone.Deploy.0 = Release|Any CPU
		{2516EB56-B26B-45DB-A38D-14A2CD5514B7}.Release|iPhoneSimulator.ActiveCfg = Release|Any CPU
		{2516EB56-B26B-45DB-A38D-14A2CD5514B7}.Release|iPhoneSimulator.Build.0 = Release|Any CPU
		{2516EB56-B26B-45DB-A38D-14A2CD5514B7}.Release|iPhoneSimulator.Deploy.0 = Release|Any CPU
		{2516EB56-B26B-45DB-A38D-14A2CD5514B7}.Release|x64.ActiveCfg = Release|Any CPU
		{2516EB56-B26B-45DB-A38D-14A2CD5514B7}.Release|x64.Build.0 = Release|Any CPU
		{2516EB56-B26B-45DB-A38D-14A2CD5514B7}.Release|x64.Deploy.0 = Release|Any CPU
		{2516EB56-B26B-45DB-A38D-14A2CD5514B7}.Release|x86.ActiveCfg = Release|Any CPU
		{2516EB56-B26B-45DB-A38D-14A2CD5514B7}.Release|x86.Build.0 = Release|Any CPU
		{2516EB56-B26B-45DB-A38D-14A2CD5514B7}.Release|x86.Deploy.0 = Release|Any CPU
	EndGlobalSection
	GlobalSection(SolutionProperties) = preSolution
		HideSolutionNode = FALSE
	EndGlobalSection
	GlobalSection(ExtensibilityGlobals) = postSolution
		SolutionGuid = {A5C81056-49A3-40BE-B13B-AF534FB5407B}
	EndGlobalSection
EndGlobal
